{
    "_meta": {
        "hash": {
            "sha256": "55407d5cd64c3ea6a3220de2e4e3800a0661e777359560191c1b8cfd2630eb44"
        },
        "pipfile-spec": 6,
        "requires": {
            "python_version": "3.11"
        },
        "sources": [
            {
                "name": "pypi",
                "url": "https://pypi.org/simple",
                "verify_ssl": true
            }
        ]
    },
    "default": {
        "annotated-types": {
            "hashes": [
                "sha256:47cdc3490d9ac1506ce92c7aaa76c579dc3509ff11e098fc867e5130ab7be802",
                "sha256:58da39888f92c276ad970249761ebea80ba544b77acddaa1a4d6cf78287d45fd"
            ],
            "markers": "python_version >= '3.7'",
            "version": "==0.5.0"
        },
        "asgiref": {
            "hashes": [
                "sha256:89b2ef2247e3b562a16eef663bc0e2e703ec6468e2fa8a5cd61cd449786d4f6e",
                "sha256:9e0ce3aa93a819ba5b45120216b23878cf6e8525eb3848653452b4192b92afed"
            ],
            "markers": "python_version >= '3.7'",
            "version": "==3.7.2"
        },
        "dj-database-url": {
            "hashes": [
                "sha256:04bc34b248d4c21aaa13e4ab419ae6575ef5f10f3df735ce7da97722caa356e0",
                "sha256:f2042cefe1086e539c9da39fad5ad7f61173bf79665e69bf7e4de55fa88b135f"
            ],
            "index": "pypi",
            "version": "==2.1.0"
        },
        "django": {
            "hashes": [
                "sha256:7e4225ec065e0f354ccf7349a22d209de09cc1c074832be9eb84c51c1799c432",
                "sha256:860ae6a138a238fc4f22c99b52f3ead982bb4b1aad8c0122bcd8c8a3a02e409d"
            ],
            "index": "pypi",
            "version": "==4.2.4"
        },
        "django-filter": {
            "hashes": [
                "sha256:2fe15f78108475eda525692813205fa6f9e8c1caf1ae65daa5862d403c6dbf00",
                "sha256:d12d8e0fc6d3eb26641e553e5d53b191eb8cec611427d4bdce0becb1f7c172b5"
            ],
            "index": "pypi",
            "version": "==23.2"
        },
        "djangorestframework": {
            "hashes": [
                "sha256:579a333e6256b09489cbe0a067e66abe55c6595d8926be6b99423786334350c8",
                "sha256:eb63f58c9f218e1a7d064d17a70751f528ed4e1d35547fdade9aaf4cd103fd08"
            ],
            "index": "pypi",
            "version": "==3.14.0"
        },
        "pillow": {
            "hashes": [
                "sha256:00e65f5e822decd501e374b0650146063fbb30a7264b4d2744bdd7b913e0cab5",
                "sha256:040586f7d37b34547153fa383f7f9aed68b738992380ac911447bb78f2abe530",
                "sha256:0b6eb5502f45a60a3f411c63187db83a3d3107887ad0d036c13ce836f8a36f1d",
                "sha256:1ce91b6ec08d866b14413d3f0bbdea7e24dfdc8e59f562bb77bc3fe60b6144ca",
                "sha256:1f62406a884ae75fb2f818694469519fb685cc7eaff05d3451a9ebe55c646891",
                "sha256:22c10cc517668d44b211717fd9775799ccec4124b9a7f7b3635fc5386e584992",
                "sha256:3400aae60685b06bb96f99a21e1ada7bc7a413d5f49bce739828ecd9391bb8f7",
                "sha256:349930d6e9c685c089284b013478d6f76e3a534e36ddfa912cde493f235372f3",
                "sha256:368ab3dfb5f49e312231b6f27b8820c823652b7cd29cfbd34090565a015e99ba",
                "sha256:38250a349b6b390ee6047a62c086d3817ac69022c127f8a5dc058c31ccef17f3",
                "sha256:3a684105f7c32488f7153905a4e3015a3b6c7182e106fe3c37fbb5ef3e6994c3",
                "sha256:3a82c40d706d9aa9734289740ce26460a11aeec2d9c79b7af87bb35f0073c12f",
                "sha256:3b08d4cc24f471b2c8ca24ec060abf4bebc6b144cb89cba638c720546b1cf538",
                "sha256:3ed64f9ca2f0a95411e88a4efbd7a29e5ce2cea36072c53dd9d26d9c76f753b3",
                "sha256:3f07ea8d2f827d7d2a49ecf1639ec02d75ffd1b88dcc5b3a61bbb37a8759ad8d",
                "sha256:520f2a520dc040512699f20fa1c363eed506e94248d71f85412b625026f6142c",
                "sha256:5c6e3df6bdd396749bafd45314871b3d0af81ff935b2d188385e970052091017",
                "sha256:608bfdee0d57cf297d32bcbb3c728dc1da0907519d1784962c5f0c68bb93e5a3",
                "sha256:685ac03cc4ed5ebc15ad5c23bc555d68a87777586d970c2c3e216619a5476223",
                "sha256:76de421f9c326da8f43d690110f0e79fe3ad1e54be811545d7d91898b4c8493e",
                "sha256:76edb0a1fa2b4745fb0c99fb9fb98f8b180a1bbceb8be49b087e0b21867e77d3",
                "sha256:7be600823e4c8631b74e4a0d38384c73f680e6105a7d3c6824fcf226c178c7e6",
                "sha256:81ff539a12457809666fef6624684c008e00ff6bf455b4b89fd00a140eecd640",
                "sha256:88af2003543cc40c80f6fca01411892ec52b11021b3dc22ec3bc9d5afd1c5334",
                "sha256:8c11160913e3dd06c8ffdb5f233a4f254cb449f4dfc0f8f4549eda9e542c93d1",
                "sha256:8f8182b523b2289f7c415f589118228d30ac8c355baa2f3194ced084dac2dbba",
                "sha256:9211e7ad69d7c9401cfc0e23d49b69ca65ddd898976d660a2fa5904e3d7a9baa",
                "sha256:92be919bbc9f7d09f7ae343c38f5bb21c973d2576c1d45600fce4b74bafa7ac0",
                "sha256:9c82b5b3e043c7af0d95792d0d20ccf68f61a1fec6b3530e718b688422727396",
                "sha256:9f7c16705f44e0504a3a2a14197c1f0b32a95731d251777dcb060aa83022cb2d",
                "sha256:9fb218c8a12e51d7ead2a7c9e101a04982237d4855716af2e9499306728fb485",
                "sha256:a74ba0c356aaa3bb8e3eb79606a87669e7ec6444be352870623025d75a14a2bf",
                "sha256:b4f69b3700201b80bb82c3a97d5e9254084f6dd5fb5b16fc1a7b974260f89f43",
                "sha256:bc2ec7c7b5d66b8ec9ce9f720dbb5fa4bace0f545acd34870eff4a369b44bf37",
                "sha256:c189af0545965fa8d3b9613cfdb0cd37f9d71349e0f7750e1fd704648d475ed2",
                "sha256:c1fbe7621c167ecaa38ad29643d77a9ce7311583761abf7836e1510c580bf3dd",
                "sha256:c7cf14a27b0d6adfaebb3ae4153f1e516df54e47e42dcc073d7b3d76111a8d86",
                "sha256:c9f72a021fbb792ce98306ffb0c348b3c9cb967dce0f12a49aa4c3d3fdefa967",
                "sha256:cd25d2a9d2b36fcb318882481367956d2cf91329f6892fe5d385c346c0649629",
                "sha256:ce543ed15570eedbb85df19b0a1a7314a9c8141a36ce089c0a894adbfccb4568",
                "sha256:ce7b031a6fc11365970e6a5686d7ba8c63e4c1cf1ea143811acbb524295eabed",
                "sha256:d35e3c8d9b1268cbf5d3670285feb3528f6680420eafe35cccc686b73c1e330f",
                "sha256:d50b6aec14bc737742ca96e85d6d0a5f9bfbded018264b3b70ff9d8c33485551",
                "sha256:d5d0dae4cfd56969d23d94dc8e89fb6a217be461c69090768227beb8ed28c0a3",
                "sha256:d5db32e2a6ccbb3d34d87c87b432959e0db29755727afb37290e10f6e8e62614",
                "sha256:d72e2ecc68a942e8cf9739619b7f408cc7b272b279b56b2c83c6123fcfa5cdff",
                "sha256:d737a602fbd82afd892ca746392401b634e278cb65d55c4b7a8f48e9ef8d008d",
                "sha256:d80cf684b541685fccdd84c485b31ce73fc5c9b5d7523bf1394ce134a60c6883",
                "sha256:db24668940f82321e746773a4bc617bfac06ec831e5c88b643f91f122a785684",
                "sha256:dbc02381779d412145331789b40cc7b11fdf449e5d94f6bc0b080db0a56ea3f0",
                "sha256:dffe31a7f47b603318c609f378ebcd57f1554a3a6a8effbc59c3c69f804296de",
                "sha256:edf4392b77bdc81f36e92d3a07a5cd072f90253197f4a52a55a8cec48a12483b",
                "sha256:efe8c0681042536e0d06c11f48cebe759707c9e9abf880ee213541c5b46c5bf3",
                "sha256:f31f9fdbfecb042d046f9d91270a0ba28368a723302786c0009ee9b9f1f60199",
                "sha256:f88a0b92277de8e3ca715a0d79d68dc82807457dae3ab8699c758f07c20b3c51",
                "sha256:faaf07ea35355b01a35cb442dd950d8f1bb5b040a7787791a535de13db15ed90"
            ],
            "index": "pypi",
            "version": "==10.0.0"
        },
        "psycopg2-binary": {
            "hashes": [
                "sha256:00d8db270afb76f48a499f7bb8fa70297e66da67288471ca873db88382850bf4",
                "sha256:024eaeb2a08c9a65cd5f94b31ace1ee3bb3f978cd4d079406aef85169ba01f08",
                "sha256:094af2e77a1976efd4956a031028774b827029729725e136514aae3cdf49b87b",
                "sha256:1011eeb0c51e5b9ea1016f0f45fa23aca63966a4c0afcf0340ccabe85a9f65bd",
                "sha256:11abdbfc6f7f7dea4a524b5f4117369b0d757725798f1593796be6ece20266cb",
                "sha256:122641b7fab18ef76b18860dd0c772290566b6fb30cc08e923ad73d17461dc63",
                "sha256:17cc17a70dfb295a240db7f65b6d8153c3d81efb145d76da1e4a096e9c5c0e63",
                "sha256:18f12632ab516c47c1ac4841a78fddea6508a8284c7cf0f292cb1a523f2e2379",
                "sha256:1b918f64a51ffe19cd2e230b3240ba481330ce1d4b7875ae67305bd1d37b041c",
                "sha256:1c31c2606ac500dbd26381145684d87730a2fac9a62ebcfbaa2b119f8d6c19f4",
                "sha256:26484e913d472ecb6b45937ea55ce29c57c662066d222fb0fbdc1fab457f18c5",
                "sha256:2993ccb2b7e80844d534e55e0f12534c2871952f78e0da33c35e648bf002bbff",
                "sha256:2b04da24cbde33292ad34a40db9832a80ad12de26486ffeda883413c9e1b1d5e",
                "sha256:2dec5a75a3a5d42b120e88e6ed3e3b37b46459202bb8e36cd67591b6e5feebc1",
                "sha256:2df562bb2e4e00ee064779902d721223cfa9f8f58e7e52318c97d139cf7f012d",
                "sha256:3fbb1184c7e9d28d67671992970718c05af5f77fc88e26fd7136613c4ece1f89",
                "sha256:42a62ef0e5abb55bf6ffb050eb2b0fcd767261fa3faf943a4267539168807522",
                "sha256:4ecc15666f16f97709106d87284c136cdc82647e1c3f8392a672616aed3c7151",
                "sha256:4eec5d36dbcfc076caab61a2114c12094c0b7027d57e9e4387b634e8ab36fd44",
                "sha256:4fe13712357d802080cfccbf8c6266a3121dc0e27e2144819029095ccf708372",
                "sha256:51d1b42d44f4ffb93188f9b39e6d1c82aa758fdb8d9de65e1ddfe7a7d250d7ad",
                "sha256:59f7e9109a59dfa31efa022e94a244736ae401526682de504e87bd11ce870c22",
                "sha256:62cb6de84d7767164a87ca97e22e5e0a134856ebcb08f21b621c6125baf61f16",
                "sha256:642df77484b2dcaf87d4237792246d8068653f9e0f5c025e2c692fc56b0dda70",
                "sha256:6822c9c63308d650db201ba22fe6648bd6786ca6d14fdaf273b17e15608d0852",
                "sha256:692df8763b71d42eb8343f54091368f6f6c9cfc56dc391858cdb3c3ef1e3e584",
                "sha256:6d92e139ca388ccfe8c04aacc163756e55ba4c623c6ba13d5d1595ed97523e4b",
                "sha256:7952807f95c8eba6a8ccb14e00bf170bb700cafcec3924d565235dffc7dc4ae8",
                "sha256:7db7b9b701974c96a88997d458b38ccb110eba8f805d4b4f74944aac48639b42",
                "sha256:81d5dd2dd9ab78d31a451e357315f201d976c131ca7d43870a0e8063b6b7a1ec",
                "sha256:8a136c8aaf6615653450817a7abe0fc01e4ea720ae41dfb2823eccae4b9062a3",
                "sha256:8a7968fd20bd550431837656872c19575b687f3f6f98120046228e451e4064df",
                "sha256:8c721ee464e45ecf609ff8c0a555018764974114f671815a0a7152aedb9f3343",
                "sha256:8f309b77a7c716e6ed9891b9b42953c3ff7d533dc548c1e33fddc73d2f5e21f9",
                "sha256:8f94cb12150d57ea433e3e02aabd072205648e86f1d5a0a692d60242f7809b15",
                "sha256:95a7a747bdc3b010bb6a980f053233e7610276d55f3ca506afff4ad7749ab58a",
                "sha256:9b0c2b466b2f4d89ccc33784c4ebb1627989bd84a39b79092e560e937a11d4ac",
                "sha256:9dcfd5d37e027ec393a303cc0a216be564b96c80ba532f3d1e0d2b5e5e4b1e6e",
                "sha256:a5ee89587696d808c9a00876065d725d4ae606f5f7853b961cdbc348b0f7c9a1",
                "sha256:a6a8b575ac45af1eaccbbcdcf710ab984fd50af048fe130672377f78aaff6fc1",
                "sha256:ac83ab05e25354dad798401babaa6daa9577462136ba215694865394840e31f8",
                "sha256:ad26d4eeaa0d722b25814cce97335ecf1b707630258f14ac4d2ed3d1d8415265",
                "sha256:ad5ec10b53cbb57e9a2e77b67e4e4368df56b54d6b00cc86398578f1c635f329",
                "sha256:c82986635a16fb1fa15cd5436035c88bc65c3d5ced1cfaac7f357ee9e9deddd4",
                "sha256:ced63c054bdaf0298f62681d5dcae3afe60cbae332390bfb1acf0e23dcd25fc8",
                "sha256:d0b16e5bb0ab78583f0ed7ab16378a0f8a89a27256bb5560402749dbe8a164d7",
                "sha256:dbbc3c5d15ed76b0d9db7753c0db40899136ecfe97d50cbde918f630c5eb857a",
                "sha256:ded8e15f7550db9e75c60b3d9fcbc7737fea258a0f10032cdb7edc26c2a671fd",
                "sha256:e02bc4f2966475a7393bd0f098e1165d470d3fa816264054359ed4f10f6914ea",
                "sha256:e5666632ba2b0d9757b38fc17337d84bdf932d38563c5234f5f8c54fd01349c9",
                "sha256:ea5f8ee87f1eddc818fc04649d952c526db4426d26bab16efbe5a0c52b27d6ab",
                "sha256:eb1c0e682138f9067a58fc3c9a9bf1c83d8e08cfbee380d858e63196466d5c86",
                "sha256:eb3b8d55924a6058a26db69fb1d3e7e32695ff8b491835ba9f479537e14dcf9f",
                "sha256:ee919b676da28f78f91b464fb3e12238bd7474483352a59c8a16c39dfc59f0c5",
                "sha256:f02f4a72cc3ab2565c6d9720f0343cb840fb2dc01a2e9ecb8bc58ccf95dc5c06",
                "sha256:f4f37bbc6588d402980ffbd1f3338c871368fb4b1cfa091debe13c68bb3852b3",
                "sha256:f8651cf1f144f9ee0fa7d1a1df61a9184ab72962531ca99f077bbdcba3947c58",
                "sha256:f955aa50d7d5220fcb6e38f69ea126eafecd812d96aeed5d5f3597f33fad43bb",
                "sha256:fc10da7e7df3380426521e8c1ed975d22df678639da2ed0ec3244c3dc2ab54c8",
                "sha256:fdca0511458d26cf39b827a663d7d87db6f32b93efc22442a742035728603d5f"
            ],
            "index": "pypi",
            "version": "==2.9.7"
        },
        "pydantic": {
            "hashes": [
                "sha256:1607cc106602284cd4a00882986570472f193fde9cb1259bceeaedb26aa79a6d",
                "sha256:45b5e446c6dfaad9444819a293b921a40e1db1aa61ea08aede0522529ce90e81"
            ],
            "index": "pypi",
            "version": "==2.3.0"
        },
        "pydantic-core": {
            "hashes": [
                "sha256:002d0ea50e17ed982c2d65b480bd975fc41086a5a2f9c924ef8fc54419d1dea3",
                "sha256:02e1c385095efbd997311d85c6021d32369675c09bcbfff3b69d84e59dc103f6",
                "sha256:046af9cfb5384f3684eeb3f58a48698ddab8dd870b4b3f67f825353a14441418",
                "sha256:04fe5c0a43dec39aedba0ec9579001061d4653a9b53a1366b113aca4a3c05ca7",
                "sha256:07a1aec07333bf5adebd8264047d3dc518563d92aca6f2f5b36f505132399efc",
                "sha256:1480fa4682e8202b560dcdc9eeec1005f62a15742b813c88cdc01d44e85308e5",
                "sha256:1508f37ba9e3ddc0189e6ff4e2228bd2d3c3a4641cbe8c07177162f76ed696c7",
                "sha256:171a4718860790f66d6c2eda1d95dd1edf64f864d2e9f9115840840cf5b5713f",
                "sha256:19e20f8baedd7d987bd3f8005c146e6bcbda7cdeefc36fad50c66adb2dd2da48",
                "sha256:1a0ddaa723c48af27d19f27f1c73bdc615c73686d763388c8683fe34ae777bad",
                "sha256:1aa712ba150d5105814e53cb141412217146fedc22621e9acff9236d77d2a5ef",
                "sha256:1ac1750df1b4339b543531ce793b8fd5c16660a95d13aecaab26b44ce11775e9",
                "sha256:1c721bfc575d57305dd922e6a40a8fe3f762905851d694245807a351ad255c58",
                "sha256:1ce8c84051fa292a5dc54018a40e2a1926fd17980a9422c973e3ebea017aa8da",
                "sha256:1fa1f6312fb84e8c281f32b39affe81984ccd484da6e9d65b3d18c202c666149",
                "sha256:22134a4453bd59b7d1e895c455fe277af9d9d9fbbcb9dc3f4a97b8693e7e2c9b",
                "sha256:23470a23614c701b37252618e7851e595060a96a23016f9a084f3f92f5ed5881",
                "sha256:240a015102a0c0cc8114f1cba6444499a8a4d0333e178bc504a5c2196defd456",
                "sha256:252851b38bad3bfda47b104ffd077d4f9604a10cb06fe09d020016a25107bf98",
                "sha256:2a20c533cb80466c1d42a43a4521669ccad7cf2967830ac62c2c2f9cece63e7e",
                "sha256:2dd50d6a1aef0426a1d0199190c6c43ec89812b1f409e7fe44cb0fbf6dfa733c",
                "sha256:340e96c08de1069f3d022a85c2a8c63529fd88709468373b418f4cf2c949fb0e",
                "sha256:3796a6152c545339d3b1652183e786df648ecdf7c4f9347e1d30e6750907f5bb",
                "sha256:37a822f630712817b6ecc09ccc378192ef5ff12e2c9bae97eb5968a6cdf3b862",
                "sha256:3a750a83b2728299ca12e003d73d1264ad0440f60f4fc9cee54acc489249b728",
                "sha256:3c8945a105f1589ce8a693753b908815e0748f6279959a4530f6742e1994dcb6",
                "sha256:3ccc13afee44b9006a73d2046068d4df96dc5b333bf3509d9a06d1b42db6d8bf",
                "sha256:3f90e5e3afb11268628c89f378f7a1ea3f2fe502a28af4192e30a6cdea1e7d5e",
                "sha256:4292ca56751aebbe63a84bbfc3b5717abb09b14d4b4442cc43fd7c49a1529efd",
                "sha256:430ddd965ffd068dd70ef4e4d74f2c489c3a313adc28e829dd7262cc0d2dd1e8",
                "sha256:439a0de139556745ae53f9cc9668c6c2053444af940d3ef3ecad95b079bc9987",
                "sha256:44b4f937b992394a2e81a5c5ce716f3dcc1237281e81b80c748b2da6dd5cf29a",
                "sha256:48c1ed8b02ffea4d5c9c220eda27af02b8149fe58526359b3c07eb391cb353a2",
                "sha256:4ef724a059396751aef71e847178d66ad7fc3fc969a1a40c29f5aac1aa5f8784",
                "sha256:50555ba3cb58f9861b7a48c493636b996a617db1a72c18da4d7f16d7b1b9952b",
                "sha256:522a9c4a4d1924facce7270c84b5134c5cabcb01513213662a2e89cf28c1d309",
                "sha256:5493a7027bfc6b108e17c3383959485087d5942e87eb62bbac69829eae9bc1f7",
                "sha256:56ea80269077003eaa59723bac1d8bacd2cd15ae30456f2890811efc1e3d4413",
                "sha256:5a2a3c9ef904dcdadb550eedf3291ec3f229431b0084666e2c2aa8ff99a103a2",
                "sha256:5cfde4fab34dd1e3a3f7f3db38182ab6c95e4ea91cf322242ee0be5c2f7e3d2f",
                "sha256:5e4a2cf8c4543f37f5dc881de6c190de08096c53986381daebb56a355be5dfe6",
                "sha256:5e9c068f36b9f396399d43bfb6defd4cc99c36215f6ff33ac8b9c14ba15bdf6b",
                "sha256:5ed7ceca6aba5331ece96c0e328cd52f0dcf942b8895a1ed2642de50800b79d3",
                "sha256:5fa159b902d22b283b680ef52b532b29554ea2a7fc39bf354064751369e9dbd7",
                "sha256:615a31b1629e12445c0e9fc8339b41aaa6cc60bd53bf802d5fe3d2c0cda2ae8d",
                "sha256:621afe25cc2b3c4ba05fff53525156d5100eb35c6e5a7cf31d66cc9e1963e378",
                "sha256:6656a0ae383d8cd7cc94e91de4e526407b3726049ce8d7939049cbfa426518c8",
                "sha256:672174480a85386dd2e681cadd7d951471ad0bb028ed744c895f11f9d51b9ebe",
                "sha256:692b4ff5c4e828a38716cfa92667661a39886e71136c97b7dac26edef18767f7",
                "sha256:6bcc1ad776fffe25ea5c187a028991c031a00ff92d012ca1cc4714087e575973",
                "sha256:6bf7d610ac8f0065a286002a23bcce241ea8248c71988bda538edcc90e0c39ad",
                "sha256:75c0ebbebae71ed1e385f7dfd9b74c1cff09fed24a6df43d326dd7f12339ec34",
                "sha256:788be9844a6e5c4612b74512a76b2153f1877cd845410d756841f6c3420230eb",
                "sha256:7dc2ce039c7290b4ef64334ec7e6ca6494de6eecc81e21cb4f73b9b39991408c",
                "sha256:813aab5bfb19c98ae370952b6f7190f1e28e565909bfc219a0909db168783465",
                "sha256:8421cf496e746cf8d6b677502ed9a0d1e4e956586cd8b221e1312e0841c002d5",
                "sha256:84e87c16f582f5c753b7f39a71bd6647255512191be2d2dbf49458c4ef024588",
                "sha256:84f8bb34fe76c68c9d96b77c60cef093f5e660ef8e43a6cbfcd991017d375950",
                "sha256:85cc4d105747d2aa3c5cf3e37dac50141bff779545ba59a095f4a96b0a460e70",
                "sha256:883daa467865e5766931e07eb20f3e8152324f0adf52658f4d302242c12e2c32",
                "sha256:8b2b1bfed698fa410ab81982f681f5b1996d3d994ae8073286515ac4d165c2e7",
                "sha256:8ecbac050856eb6c3046dea655b39216597e373aa8e50e134c0e202f9c47efec",
                "sha256:930bfe73e665ebce3f0da2c6d64455098aaa67e1a00323c74dc752627879fc67",
                "sha256:9616567800bdc83ce136e5847d41008a1d602213d024207b0ff6cab6753fe645",
                "sha256:9680dd23055dd874173a3a63a44e7f5a13885a4cfd7e84814be71be24fba83db",
                "sha256:99faba727727b2e59129c59542284efebbddade4f0ae6a29c8b8d3e1f437beb7",
                "sha256:9a718d56c4d55efcfc63f680f207c9f19c8376e5a8a67773535e6f7e80e93170",
                "sha256:9b33bf9658cb29ac1a517c11e865112316d09687d767d7a0e4a63d5c640d1b17",
                "sha256:9e8b374ef41ad5c461efb7a140ce4730661aadf85958b5c6a3e9cf4e040ff4bb",
                "sha256:9e9b65a55bbabda7fccd3500192a79f6e474d8d36e78d1685496aad5f9dbd92c",
                "sha256:a0b7486d85293f7f0bbc39b34e1d8aa26210b450bbd3d245ec3d732864009819",
                "sha256:a53e3195f134bde03620d87a7e2b2f2046e0e5a8195e66d0f244d6d5b2f6d31b",
                "sha256:a87c54e72aa2ef30189dc74427421e074ab4561cf2bf314589f6af5b37f45e6d",
                "sha256:a892b5b1871b301ce20d40b037ffbe33d1407a39639c2b05356acfef5536d26a",
                "sha256:a8acc9dedd304da161eb071cc7ff1326aa5b66aadec9622b2574ad3ffe225525",
                "sha256:aaafc776e5edc72b3cad1ccedb5fd869cc5c9a591f1213aa9eba31a781be9ac1",
                "sha256:acafc4368b289a9f291e204d2c4c75908557d4f36bd3ae937914d4529bf62a76",
                "sha256:b0a5d7edb76c1c57b95df719af703e796fc8e796447a1da939f97bfa8a918d60",
                "sha256:b25afe9d5c4f60dcbbe2b277a79be114e2e65a16598db8abee2a2dcde24f162b",
                "sha256:b44c42edc07a50a081672e25dfe6022554b47f91e793066a7b601ca290f71e42",
                "sha256:b594b64e8568cf09ee5c9501ede37066b9fc41d83d58f55b9952e32141256acd",
                "sha256:b962700962f6e7a6bd77e5f37320cabac24b4c0f76afeac05e9f93cf0c620014",
                "sha256:bb128c30cf1df0ab78166ded1ecf876620fb9aac84d2413e8ea1594b588c735d",
                "sha256:bf9d42a71a4d7a7c1f14f629e5c30eac451a6fc81827d2beefd57d014c006c4a",
                "sha256:c6595b0d8c8711e8e1dc389d52648b923b809f68ac1c6f0baa525c6440aa0daa",
                "sha256:c8c6660089a25d45333cb9db56bb9e347241a6d7509838dbbd1931d0e19dbc7f",
                "sha256:c9d469204abcca28926cbc28ce98f28e50e488767b084fb3fbdf21af11d3de26",
                "sha256:d38bbcef58220f9c81e42c255ef0bf99735d8f11edef69ab0b499da77105158a",
                "sha256:d4eb77df2964b64ba190eee00b2312a1fd7a862af8918ec70fc2d6308f76ac64",
                "sha256:d63b7545d489422d417a0cae6f9898618669608750fc5e62156957e609e728a5",
                "sha256:d7050899026e708fb185e174c63ebc2c4ee7a0c17b0a96ebc50e1f76a231c057",
                "sha256:d79f1f2f7ebdb9b741296b69049ff44aedd95976bfee38eb4848820628a99b50",
                "sha256:d85463560c67fc65cd86153a4975d0b720b6d7725cf7ee0b2d291288433fc21b",
                "sha256:d9140ded382a5b04a1c030b593ed9bf3088243a0a8b7fa9f071a5736498c5483",
                "sha256:d9b4916b21931b08096efed090327f8fe78e09ae8f5ad44e07f5c72a7eedb51b",
                "sha256:df14f6332834444b4a37685810216cc8fe1fe91f447332cd56294c984ecbff1c",
                "sha256:e49ce7dc9f925e1fb010fc3d555250139df61fa6e5a0a95ce356329602c11ea9",
                "sha256:e61eae9b31799c32c5f9b7be906be3380e699e74b2db26c227c50a5fc7988698",
                "sha256:ea053cefa008fda40f92aab937fb9f183cf8752e41dbc7bc68917884454c6362",
                "sha256:f06e21ad0b504658a3a9edd3d8530e8cea5723f6ea5d280e8db8efc625b47e49",
                "sha256:f14546403c2a1d11a130b537dda28f07eb6c1805a43dae4617448074fd49c282",
                "sha256:f1a5d8f18877474c80b7711d870db0eeef9442691fcdb00adabfc97e183ee0b0",
                "sha256:f2969e8f72c6236c51f91fbb79c33821d12a811e2a94b7aa59c65f8dbdfad34a",
                "sha256:f468d520f47807d1eb5d27648393519655eadc578d5dd862d06873cce04c4d1b",
                "sha256:f70dc00a91311a1aea124e5f64569ea44c011b58433981313202c46bccbec0e1",
                "sha256:f93255b3e4d64785554e544c1c76cd32f4a354fa79e2eeca5d16ac2e7fdd57aa"
            ],
            "markers": "python_version >= '3.7'",
            "version": "==2.6.3"
        },
        "pydantic-settings": {
            "hashes": [
                "sha256:962dc3672495aad6ae96a4390fac7e593591e144625e5112d359f8f67fb75945",
                "sha256:ddd907b066622bd67603b75e2ff791875540dc485b7307c4fffc015719da8625"
            ],
            "index": "pypi",
            "version": "==2.0.3"
        },
        "python-dotenv": {
            "hashes": [
                "sha256:a8df96034aae6d2d50a4ebe8216326c61c3eb64836776504fcca410e5937a3ba",
                "sha256:f5971a9226b701070a4bf2c38c89e5a3f0d64de8debda981d1db98583009122a"
            ],
            "markers": "python_version >= '3.8'",
            "version": "==1.0.0"
        },
        "pytz": {
            "hashes": [
                "sha256:1d8ce29db189191fb55338ee6d0387d82ab59f3d00eac103412d64e0ebd0c588",
                "sha256:a151b3abb88eda1d4e34a9814df37de2a80e301e68ba0fd856fb9b46bfbbbffb"
            ],
            "version": "==2023.3"
        },
        "six": {
            "hashes": [
                "sha256:1e61c37477a1626458e36f7b1d82aa5c9b094fa4802892072e49de9c60c4c926",
                "sha256:8abb2f1d86890a2dfb989f9a77cfcfd3e47c2a354b01111771326f8aa26e0254"
            ],
            "index": "pypi",
            "version": "==1.16.0"
        },
        "sqlparse": {
            "hashes": [
                "sha256:5430a4fe2ac7d0f93e66f1efc6e1338a41884b7ddf2a350cedd20ccc4d9d28f3",
                "sha256:d446183e84b8349fa3061f0fe7f06ca94ba65b426946ffebe6e3e8295332420c"
            ],
            "markers": "python_version >= '3.5'",
            "version": "==0.4.4"
        },
        "typing-extensions": {
            "hashes": [
                "sha256:440d5dd3af93b060174bf433bccd69b0babc3b15b1a8dca43789fd7f61514b36",
                "sha256:b75ddc264f0ba5615db7ba217daeb99701ad295353c45f9e95963337ceeeffb2"
            ],
            "markers": "python_version >= '3.7'",
            "version": "==4.7.1"
        },
        "tzdata": {
            "hashes": [
                "sha256:11ef1e08e54acb0d4f95bdb1be05da659673de4acbd21bf9c69e94cc5e907a3a",
                "sha256:7e65763eef3120314099b6939b5546db7adce1e7d6f2e179e3df563c70511eda"
            ],
            "markers": "sys_platform == 'win32'",
            "version": "==2023.3"
        }
    },
    "develop": {}
}
