{
    "_meta": {
        "hash": {
            "sha256": "bb85e3cb7d547f51ec72f4a409013fb2cf1e09ce385001c3e6bcda5e586fe279"
        },
        "pipfile-spec": 6,
        "requires": {
            "python_version": "3.11"
        },
        "sources": [
            {
                "name": "pypi",
                "url": "https://pypi.org/simple",
                "verify_ssl": true
            }
        ]
    },
    "default": {
        "annotated-types": {
            "hashes": [
                "sha256:47cdc3490d9ac1506ce92c7aaa76c579dc3509ff11e098fc867e5130ab7be802",
                "sha256:58da39888f92c276ad970249761ebea80ba544b77acddaa1a4d6cf78287d45fd"
            ],
            "markers": "python_version >= '3.7'",
            "version": "==0.5.0"
        },
        "asgiref": {
            "hashes": [
                "sha256:89b2ef2247e3b562a16eef663bc0e2e703ec6468e2fa8a5cd61cd449786d4f6e",
                "sha256:9e0ce3aa93a819ba5b45120216b23878cf6e8525eb3848653452b4192b92afed"
            ],
            "markers": "python_version >= '3.7'",
            "version": "==3.7.2"
        },
        "dj-database-url": {
            "hashes": [
                "sha256:04bc34b248d4c21aaa13e4ab419ae6575ef5f10f3df735ce7da97722caa356e0",
                "sha256:f2042cefe1086e539c9da39fad5ad7f61173bf79665e69bf7e4de55fa88b135f"
            ],
            "index": "pypi",
            "version": "==2.1.0"
        },
        "django": {
            "hashes": [
                "sha256:7e4225ec065e0f354ccf7349a22d209de09cc1c074832be9eb84c51c1799c432",
                "sha256:860ae6a138a238fc4f22c99b52f3ead982bb4b1aad8c0122bcd8c8a3a02e409d"
            ],
            "index": "pypi",
            "version": "==4.2.4"
        },
        "djangorestframework": {
            "hashes": [
                "sha256:579a333e6256b09489cbe0a067e66abe55c6595d8926be6b99423786334350c8",
                "sha256:eb63f58c9f218e1a7d064d17a70751f528ed4e1d35547fdade9aaf4cd103fd08"
            ],
            "index": "pypi",
            "version": "==3.14.0"
        },
        "pillow": {
            "hashes": [
                "sha256:00e65f5e822decd501e374b0650146063fbb30a7264b4d2744bdd7b913e0cab5",
                "sha256:040586f7d37b34547153fa383f7f9aed68b738992380ac911447bb78f2abe530",
                "sha256:0b6eb5502f45a60a3f411c63187db83a3d3107887ad0d036c13ce836f8a36f1d",
                "sha256:1ce91b6ec08d866b14413d3f0bbdea7e24dfdc8e59f562bb77bc3fe60b6144ca",
                "sha256:1f62406a884ae75fb2f818694469519fb685cc7eaff05d3451a9ebe55c646891",
                "sha256:22c10cc517668d44b211717fd9775799ccec4124b9a7f7b3635fc5386e584992",
                "sha256:3400aae60685b06bb96f99a21e1ada7bc7a413d5f49bce739828ecd9391bb8f7",
                "sha256:349930d6e9c685c089284b013478d6f76e3a534e36ddfa912cde493f235372f3",
                "sha256:368ab3dfb5f49e312231b6f27b8820c823652b7cd29cfbd34090565a015e99ba",
                "sha256:38250a349b6b390ee6047a62c086d3817ac69022c127f8a5dc058c31ccef17f3",
                "sha256:3a684105f7c32488f7153905a4e3015a3b6c7182e106fe3c37fbb5ef3e6994c3",
                "sha256:3a82c40d706d9aa9734289740ce26460a11aeec2d9c79b7af87bb35f0073c12f",
                "sha256:3b08d4cc24f471b2c8ca24ec060abf4bebc6b144cb89cba638c720546b1cf538",
                "sha256:3ed64f9ca2f0a95411e88a4efbd7a29e5ce2cea36072c53dd9d26d9c76f753b3",
                "sha256:3f07ea8d2f827d7d2a49ecf1639ec02d75ffd1b88dcc5b3a61bbb37a8759ad8d",
                "sha256:520f2a520dc040512699f20fa1c363eed506e94248d71f85412b625026f6142c",
                "sha256:5c6e3df6bdd396749bafd45314871b3d0af81ff935b2d188385e970052091017",
                "sha256:608bfdee0d57cf297d32bcbb3c728dc1da0907519d1784962c5f0c68bb93e5a3",
                "sha256:685ac03cc4ed5ebc15ad5c23bc555d68a87777586d970c2c3e216619a5476223",
                "sha256:76de421f9c326da8f43d690110f0e79fe3ad1e54be811545d7d91898b4c8493e",
                "sha256:76edb0a1fa2b4745fb0c99fb9fb98f8b180a1bbceb8be49b087e0b21867e77d3",
                "sha256:7be600823e4c8631b74e4a0d38384c73f680e6105a7d3c6824fcf226c178c7e6",
                "sha256:81ff539a12457809666fef6624684c008e00ff6bf455b4b89fd00a140eecd640",
                "sha256:88af2003543cc40c80f6fca01411892ec52b11021b3dc22ec3bc9d5afd1c5334",
                "sha256:8c11160913e3dd06c8ffdb5f233a4f254cb449f4dfc0f8f4549eda9e542c93d1",
                "sha256:8f8182b523b2289f7c415f589118228d30ac8c355baa2f3194ced084dac2dbba",
                "sha256:9211e7ad69d7c9401cfc0e23d49b69ca65ddd898976d660a2fa5904e3d7a9baa",
                "sha256:92be919bbc9f7d09f7ae343c38f5bb21c973d2576c1d45600fce4b74bafa7ac0",
                "sha256:9c82b5b3e043c7af0d95792d0d20ccf68f61a1fec6b3530e718b688422727396",
                "sha256:9f7c16705f44e0504a3a2a14197c1f0b32a95731d251777dcb060aa83022cb2d",
                "sha256:9fb218c8a12e51d7ead2a7c9e101a04982237d4855716af2e9499306728fb485",
                "sha256:a74ba0c356aaa3bb8e3eb79606a87669e7ec6444be352870623025d75a14a2bf",
                "sha256:b4f69b3700201b80bb82c3a97d5e9254084f6dd5fb5b16fc1a7b974260f89f43",
                "sha256:bc2ec7c7b5d66b8ec9ce9f720dbb5fa4bace0f545acd34870eff4a369b44bf37",
                "sha256:c189af0545965fa8d3b9613cfdb0cd37f9d71349e0f7750e1fd704648d475ed2",
                "sha256:c1fbe7621c167ecaa38ad29643d77a9ce7311583761abf7836e1510c580bf3dd",
                "sha256:c7cf14a27b0d6adfaebb3ae4153f1e516df54e47e42dcc073d7b3d76111a8d86",
                "sha256:c9f72a021fbb792ce98306ffb0c348b3c9cb967dce0f12a49aa4c3d3fdefa967",
                "sha256:cd25d2a9d2b36fcb318882481367956d2cf91329f6892fe5d385c346c0649629",
                "sha256:ce543ed15570eedbb85df19b0a1a7314a9c8141a36ce089c0a894adbfccb4568",
                "sha256:ce7b031a6fc11365970e6a5686d7ba8c63e4c1cf1ea143811acbb524295eabed",
                "sha256:d35e3c8d9b1268cbf5d3670285feb3528f6680420eafe35cccc686b73c1e330f",
                "sha256:d50b6aec14bc737742ca96e85d6d0a5f9bfbded018264b3b70ff9d8c33485551",
                "sha256:d5d0dae4cfd56969d23d94dc8e89fb6a217be461c69090768227beb8ed28c0a3",
                "sha256:d5db32e2a6ccbb3d34d87c87b432959e0db29755727afb37290e10f6e8e62614",
                "sha256:d72e2ecc68a942e8cf9739619b7f408cc7b272b279b56b2c83c6123fcfa5cdff",
                "sha256:d737a602fbd82afd892ca746392401b634e278cb65d55c4b7a8f48e9ef8d008d",
                "sha256:d80cf684b541685fccdd84c485b31ce73fc5c9b5d7523bf1394ce134a60c6883",
                "sha256:db24668940f82321e746773a4bc617bfac06ec831e5c88b643f91f122a785684",
                "sha256:dbc02381779d412145331789b40cc7b11fdf449e5d94f6bc0b080db0a56ea3f0",
                "sha256:dffe31a7f47b603318c609f378ebcd57f1554a3a6a8effbc59c3c69f804296de",
                "sha256:edf4392b77bdc81f36e92d3a07a5cd072f90253197f4a52a55a8cec48a12483b",
                "sha256:efe8c0681042536e0d06c11f48cebe759707c9e9abf880ee213541c5b46c5bf3",
                "sha256:f31f9fdbfecb042d046f9d91270a0ba28368a723302786c0009ee9b9f1f60199",
                "sha256:f88a0b92277de8e3ca715a0d79d68dc82807457dae3ab8699c758f07c20b3c51",
                "sha256:faaf07ea35355b01a35cb442dd950d8f1bb5b040a7787791a535de13db15ed90"
            ],
            "index": "pypi",
            "version": "==10.0.0"
        },
        "psycopg2-binary": {
            "hashes": [
                "sha256:00d8db270afb76f48a499f7bb8fa70297e66da67288471ca873db88382850bf4",
                "sha256:024eaeb2a08c9a65cd5f94b31ace1ee3bb3f978cd4d079406aef85169ba01f08",
                "sha256:094af2e77a1976efd4956a031028774b827029729725e136514aae3cdf49b87b",
                "sha256:1011eeb0c51e5b9ea1016f0f45fa23aca63966a4c0afcf0340ccabe85a9f65bd",
                "sha256:11abdbfc6f7f7dea4a524b5f4117369b0d757725798f1593796be6ece20266cb",
                "sha256:122641b7fab18ef76b18860dd0c772290566b6fb30cc08e923ad73d17461dc63",
                "sha256:17cc17a70dfb295a240db7f65b6d8153c3d81efb145d76da1e4a096e9c5c0e63",
                "sha256:18f12632ab516c47c1ac4841a78fddea6508a8284c7cf0f292cb1a523f2e2379",
                "sha256:1b918f64a51ffe19cd2e230b3240ba481330ce1d4b7875ae67305bd1d37b041c",
                "sha256:1c31c2606ac500dbd26381145684d87730a2fac9a62ebcfbaa2b119f8d6c19f4",
                "sha256:26484e913d472ecb6b45937ea55ce29c57c662066d222fb0fbdc1fab457f18c5",
                "sha256:2993ccb2b7e80844d534e55e0f12534c2871952f78e0da33c35e648bf002bbff",
                "sha256:2b04da24cbde33292ad34a40db9832a80ad12de26486ffeda883413c9e1b1d5e",
                "sha256:2dec5a75a3a5d42b120e88e6ed3e3b37b46459202bb8e36cd67591b6e5feebc1",
                "sha256:2df562bb2e4e00ee064779902d721223cfa9f8f58e7e52318c97d139cf7f012d",
                "sha256:3fbb1184c7e9d28d67671992970718c05af5f77fc88e26fd7136613c4ece1f89",
                "sha256:42a62ef0e5abb55bf6ffb050eb2b0fcd767261fa3faf943a4267539168807522",
                "sha256:4ecc15666f16f97709106d87284c136cdc82647e1c3f8392a672616aed3c7151",
                "sha256:4eec5d36dbcfc076caab61a2114c12094c0b7027d57e9e4387b634e8ab36fd44",
                "sha256:4fe13712357d802080cfccbf8c6266a3121dc0e27e2144819029095ccf708372",
                "sha256:51d1b42d44f4ffb93188f9b39e6d1c82aa758fdb8d9de65e1ddfe7a7d250d7ad",
                "sha256:59f7e9109a59dfa31efa022e94a244736ae401526682de504e87bd11ce870c22",
                "sha256:62cb6de84d7767164a87ca97e22e5e0a134856ebcb08f21b621c6125baf61f16",
                "sha256:642df77484b2dcaf87d4237792246d8068653f9e0f5c025e2c692fc56b0dda70",
                "sha256:6822c9c63308d650db201ba22fe6648bd6786ca6d14fdaf273b17e15608d0852",
                "sha256:692df8763b71d42eb8343f54091368f6f6c9cfc56dc391858cdb3c3ef1e3e584",
                "sha256:6d92e139ca388ccfe8c04aacc163756e55ba4c623c6ba13d5d1595ed97523e4b",
                "sha256:7952807f95c8eba6a8ccb14e00bf170bb700cafcec3924d565235dffc7dc4ae8",
                "sha256:7db7b9b701974c96a88997d458b38ccb110eba8f805d4b4f74944aac48639b42",
                "sha256:81d5dd2dd9ab78d31a451e357315f201d976c131ca7d43870a0e8063b6b7a1ec",
                "sha256:8a136c8aaf6615653450817a7abe0fc01e4ea720ae41dfb2823eccae4b9062a3",
                "sha256:8a7968fd20bd550431837656872c19575b687f3f6f98120046228e451e4064df",
                "sha256:8c721ee464e45ecf609ff8c0a555018764974114f671815a0a7152aedb9f3343",
                "sha256:8f309b77a7c716e6ed9891b9b42953c3ff7d533dc548c1e33fddc73d2f5e21f9",
                "sha256:8f94cb12150d57ea433e3e02aabd072205648e86f1d5a0a692d60242f7809b15",
                "sha256:95a7a747bdc3b010bb6a980f053233e7610276d55f3ca506afff4ad7749ab58a",
                "sha256:9b0c2b466b2f4d89ccc33784c4ebb1627989bd84a39b79092e560e937a11d4ac",
                "sha256:9dcfd5d37e027ec393a303cc0a216be564b96c80ba532f3d1e0d2b5e5e4b1e6e",
                "sha256:a5ee89587696d808c9a00876065d725d4ae606f5f7853b961cdbc348b0f7c9a1",
                "sha256:a6a8b575ac45af1eaccbbcdcf710ab984fd50af048fe130672377f78aaff6fc1",
                "sha256:ac83ab05e25354dad798401babaa6daa9577462136ba215694865394840e31f8",
                "sha256:ad26d4eeaa0d722b25814cce97335ecf1b707630258f14ac4d2ed3d1d8415265",
                "sha256:ad5ec10b53cbb57e9a2e77b67e4e4368df56b54d6b00cc86398578f1c635f329",
                "sha256:c82986635a16fb1fa15cd5436035c88bc65c3d5ced1cfaac7f357ee9e9deddd4",
                "sha256:ced63c054bdaf0298f62681d5dcae3afe60cbae332390bfb1acf0e23dcd25fc8",
                "sha256:d0b16e5bb0ab78583f0ed7ab16378a0f8a89a27256bb5560402749dbe8a164d7",
                "sha256:dbbc3c5d15ed76b0d9db7753c0db40899136ecfe97d50cbde918f630c5eb857a",
                "sha256:ded8e15f7550db9e75c60b3d9fcbc7737fea258a0f10032cdb7edc26c2a671fd",
                "sha256:e02bc4f2966475a7393bd0f098e1165d470d3fa816264054359ed4f10f6914ea",
                "sha256:e5666632ba2b0d9757b38fc17337d84bdf932d38563c5234f5f8c54fd01349c9",
                "sha256:ea5f8ee87f1eddc818fc04649d952c526db4426d26bab16efbe5a0c52b27d6ab",
                "sha256:eb1c0e682138f9067a58fc3c9a9bf1c83d8e08cfbee380d858e63196466d5c86",
                "sha256:eb3b8d55924a6058a26db69fb1d3e7e32695ff8b491835ba9f479537e14dcf9f",
                "sha256:ee919b676da28f78f91b464fb3e12238bd7474483352a59c8a16c39dfc59f0c5",
                "sha256:f02f4a72cc3ab2565c6d9720f0343cb840fb2dc01a2e9ecb8bc58ccf95dc5c06",
                "sha256:f4f37bbc6588d402980ffbd1f3338c871368fb4b1cfa091debe13c68bb3852b3",
                "sha256:f8651cf1f144f9ee0fa7d1a1df61a9184ab72962531ca99f077bbdcba3947c58",
                "sha256:f955aa50d7d5220fcb6e38f69ea126eafecd812d96aeed5d5f3597f33fad43bb",
                "sha256:fc10da7e7df3380426521e8c1ed975d22df678639da2ed0ec3244c3dc2ab54c8",
                "sha256:fdca0511458d26cf39b827a663d7d87db6f32b93efc22442a742035728603d5f"
            ],
            "index": "pypi",
            "version": "==2.9.7"
        },
        "pydantic": {
            "hashes": [
                "sha256:5f30f37a75bca15930e256da6a401f1cb953eb3bc578d454c0876f4e1459a7fa",
                "sha256:a479d511d1337ad091bd1ef90a7aaf707326968cff78a579108bc289b7f5ecdd"
            ],
            "index": "pypi",
            "version": "==2.2.0"
        },
        "pydantic-core": {
            "hashes": [
                "sha256:04b0e91c338536e3e3f77c3ed5354d14c46163f1c6b0706037b0b4be409eb943",
                "sha256:04d6de74f91ff1a88975bc5e3c7103b676106af380ce8d9b56649116e0855dc9",
                "sha256:0b52468b09ccee65bc96572345ec73dc89b42528874b626f7757000a6544d285",
                "sha256:0dbd7262932b213b34f6c1bdd33b53b6ffc07e3cee21d63486d68e433020f452",
                "sha256:0faddd509ca1811d7e595cb48dc9b63d080a95f8434c5dc6660f268694f3c20f",
                "sha256:0ff7df99df6ae485e33afafc7adbfae2e133501b5debea4f0c20cd1f679fa321",
                "sha256:10da8e685fe25be11089a666346461e01e23164688a224e33fee25d2a86da4e0",
                "sha256:11854f12f09d2a108d130645edbca7aecf24756455599b0b19dacd47499ccadc",
                "sha256:148162967ede812466915bee671403dd2ded9822332df6c52866348129d4e58e",
                "sha256:14ec281d30dd1a7fbf62e0afe4bc7bfac4b5edcf8da7affef1a79e874f3899cb",
                "sha256:16c572a839eb584115185146a04b15986e19e3cbf00e3788f8296b16ec7b3fd5",
                "sha256:1781e985a9493f3fdca4c010fc6a009ab4fd40a61ab78e5cc9820eb8010c1c4c",
                "sha256:179da6a5264d11cf2defba17c0003f6e27922d95f37b4818905115e2c9b8f7ed",
                "sha256:1d1b6c14c1116e797758bf1ff93ff18ab493279609aec6a60e6dee9de9065255",
                "sha256:1e89b0a3f05416a7e67ec7257cddcf44263a10cea618cfc89855d46997c13742",
                "sha256:253d769ce88f6d5b8ae8965f08c486114e30b5e5478f327348b77615a2a543cb",
                "sha256:2ae2d2aa91f442427d5d607f5bc07a6601aea7e9812c158b11dfac4fca28b24a",
                "sha256:2ee383e256a0e4b8bff1832fb31c530380a1421a714276ffd32609ce58a4c77a",
                "sha256:2f80f6790e87ec29ba28aab9a66b07ee789ec8fa6ea94aeac47e27f0019a061c",
                "sha256:301e47c7cabc1c435773fcf0c7278181add0f211ddaf4c683bbfb62e09457c33",
                "sha256:310a47d94895628d3563859cb970cad1b3ee7a5f2282d9bd5512b3c5a09d4379",
                "sha256:3170a13c8cdb564f544ce03a7f26962828cce3456413b325fca49d32ef47ed1f",
                "sha256:3427ca73cffe42297bbb0ed712642d8484c42671b329441a2e51ce139f7e2f93",
                "sha256:358f5d48aa850054ef1b148f4c3000b2ea216db4ab611039080bea294002349c",
                "sha256:36d6211421a4dd6d11ccb08e9ac92d143132402403ab791688cfc01973ad3de1",
                "sha256:3b35585d14028c1afa41c1183906ce4128128d1114be9958b5ad0fb3721b50a4",
                "sha256:3b52ce001eacd9906955576c71ee3fad9a442117b86dd84e5ea18e6ce287078d",
                "sha256:3d72ebaa6451490ae05d3da858120b395b3bf1bebc8a5238ef803ff0f4f16f38",
                "sha256:4118471f4ba0f92fbe84bb6c0f645b423eaa5453e0dc4b6c0a6759da818352ba",
                "sha256:42caa59248750573efbce6a74f3e121f9def86dc2087772d51f0907c2ed6dc61",
                "sha256:482a20567991170d0b55aa4d73084858ab8d54804ffef8061f254c0f8b9cf668",
                "sha256:49848c89575d7768ea8762cc029f573a3d611452c41d05ae75bdcea8f77a9e5c",
                "sha256:4bac3e606b7f8fffd5e3a0d7c5d6ab110075c9dc16b9f8932cb077b6d985f8de",
                "sha256:4e9430096484696a1837f55728c804917ad694f8e965ad0317ff896db21c3a7b",
                "sha256:4f346c8fbd953f47711c388d9b856cad87cf72a714302bc04056f89d6ac55388",
                "sha256:4fd9661a30a370faae9303dfde31d09d5b6f28113f8dace9a63f51d205703a8d",
                "sha256:51eb518682898df170d3d2ddd9c1f2a9496d79e5bd611b508d1a698e50b13fc6",
                "sha256:535f47fe0d2db647fdb0376cbbadd34fd00b3a5f56f772b0b0ef26928e8afa22",
                "sha256:5464f3d27376739c7fa0af47096ac3696db1d8996d086167b3643f0443a1a976",
                "sha256:582bfd6e7d09f5883f607b7171fcd2010d226497d9dfc9703c8aa8d58431fa84",
                "sha256:59420b2fe9edfdc640e79aac09461400862d2e699ca59e5b96e5595cc7554736",
                "sha256:5a878f37a144c5641ead8b0771164dd22237ed4013b9899f250f0992447114e0",
                "sha256:5b3159c893a1d6dc93080b882d7c4fa8651abbb228a4d920066f3f48b7a200ac",
                "sha256:5d9510004c4db5c683e349905c9700217da10b35d4447c7a1dfff1b6dd26192a",
                "sha256:6265372636a78bc6b8ba92f7d2dafca353c549edc8082a602d00a28f71a9155a",
                "sha256:646324855acd153632bb86cbbd222771df7859b43d2891ace57c5b8c818ba8a7",
                "sha256:658f4e8afe60d8400526d6db28d4e88e76027cf6111716fc090de87d14b5c311",
                "sha256:6798756a5bee9991af64763ee2f3580505932a3f432af9a73bc9fdaca460261f",
                "sha256:67f7658ac47a88ea3859389c4a67713edce77ade653812e0a574bc8f0cb0d951",
                "sha256:693df3a922d94ba1c42ea732df7ab2f0492d6081b0170e86753a45e8822342a6",
                "sha256:6cc456fc3c7156b23866ab953d3ff57010ab6a4b79ba686109ef93581467f6c3",
                "sha256:6cc57fb772b48e5fd3691ca82d3756b6e64b885676d27d66bff551d951a18e5c",
                "sha256:7291e0e36c1bc5c3b20d3f3cf77ba9ac7a26423ec50781d4f0435c45ddfe18c2",
                "sha256:757372e9b5c81cec72a077237d5d026ccd5ad9bf4931bebee4c92177d52b4eba",
                "sha256:75850d211015ae46e28b3e05ee0cc8687316505cad385170aff70ad60f143011",
                "sha256:775710d825f2b2ffe8a0bfd8d17cb8de6a9e562e78f50171c5afa9c508faa45c",
                "sha256:77865eb89c646673bedc7de4acd0a076dd6bada2f01d010675031cd855b052cf",
                "sha256:7d03de66eda2c3a6eab2c2cf43eeece37e4cf811e891361b1fb8d8d3cd109f3a",
                "sha256:82e34dc040001f50bec1a7a5c09fb6566635078ce91943cd10445a560cb3fe23",
                "sha256:83f5a3e201fe16684c12e654423a0c293733a57a1f9a9f284dbfb1b59f0e79bb",
                "sha256:859e11c4543bfd16b8033d50a2d7e4190fc5c6e182a6419b0d7c41109e3841b9",
                "sha256:86a74d426ca995deb3c847a2b382775b93a306fce13ae7b66cdc5fb8090a3ac5",
                "sha256:892e7de51b8191929bf1246a04c13674a4d4b8dced8a4f86def85a1b0cb1a1e4",
                "sha256:905048671ef08f2a504cdf7e26ffbe88efd74494ba821f2cdb1e4b1506236047",
                "sha256:959aa63057738b426137d3de99d8da118f5c8ba19a238fdb5e5f0717297e9da4",
                "sha256:95e569d8f702851ab48e349c5eb2f8ea673657b7ed5f2ac335d540ebc8519385",
                "sha256:997fa26fd71c5d8676fa6dfefc06be1fac65fd578934d40e7546c047b7bdd019",
                "sha256:99b6004cd989bbcaf32e0794e6f42460b6f5ac047b2eb443a661cfdba29704e5",
                "sha256:9c7507d40bd5d055dadba8ae9b6008356f380ce102942e0740228d97e8bd4152",
                "sha256:9e8d12016b2fdbf885e3c7580fa8f6d2e90838586faee511656f2022ebf71a2d",
                "sha256:9f1a5fafbbadca467f426eb796bec61a908a670dfdcb984d300b9dd4d8b82433",
                "sha256:a5534040341ac6ad4d133023cd45da3654fff77795481c8e4d4508cafd248ba5",
                "sha256:a7d7b5af9ee32517280228629daca013ecc9a7834075af3d928287539ccd54ec",
                "sha256:a8aee2623180f736fc426925489e84bd244e45de4175dec76f10d4fda775721b",
                "sha256:a9d6f16d771334c49a173403805ef874aff9800ea7c44f94ebf3817ae9c5631e",
                "sha256:ac4148c3bede4269f286c7d094e98c717f1101025145e89baacbafc7c5f7f74b",
                "sha256:aedc8671291d6ff17b9fc587fed982c4feeffdd28351c577695a5f07945c4625",
                "sha256:afd9d1ef2805729898f580ccde0e76a3edd39cf16778c2139222047c8d25893b",
                "sha256:b0b4bcc57b12980b67e5eed09732102b19380f79dcba09444faa7a5c1826a432",
                "sha256:b2ddc15cf29dc4b385c667064d7efb96431006dcf523527c3d749494b73e73a6",
                "sha256:bf6cb8b9c23dbb074f2d97b02af4d9d5401bd8015daad3e92fc35f88c5c07ba6",
                "sha256:c020c5047b25e64c39006fa11f15d93adf4ae85154387f8e10232871ba78e7b2",
                "sha256:c029084413a8eeb7d7b179d647d1e1a5cbfd5e5a817862a0ba8c5024fc9febf2",
                "sha256:c2c54ce857d0adb549fc735ffe84b9d1e77d1b460656fb2d3faa9050a85d8d37",
                "sha256:cdbc528c7c6fef0e9aa1b4ba620d707c9735cfc92e6b666b83862ee55faa9605",
                "sha256:cddecc97d923c3fae698820a788d6e7fda61538244dd2a0808d6263115fe5870",
                "sha256:d0d672be281d2e297f95ca301710aed9ad7e10c56a691337c2f22375feb60f29",
                "sha256:d13fc39e2d2957f32d8fa9d013bd7165d00c43890bdaea1e20a726873c50531b",
                "sha256:d179b77fff4387a46ed0b63eb87ad6be58bb2a3a3415e69a44e918e8abcbd8c6",
                "sha256:d61acd378c38bdcc1c109605831695eb27bd755d1fc5c765e40878601bd0c66b",
                "sha256:dabfdc82432499ceb33bb204fa0e5c0004a7dc1d85ba0250c5849ddfddd94819",
                "sha256:e3247b6d304226b12e240ff3fb0eb56b45520cd609d382fde6338a5556d44783",
                "sha256:e4d46cd802c163914f07124735371812e9bed8a39acbebcee5bd06d43f454e1a",
                "sha256:e50513d8dd8ea67259d45986e314f545f219ebb2496eea52269e457cdc7419f4",
                "sha256:ed683ff1663fd596ce84cf4d132f7ce7b94f0b60686ee06ca2c8e151ccb918e7",
                "sha256:eeb7b4e1dd925db174a410680c846cb7ab7eb1923f556b44cf53cea774dc42fa",
                "sha256:f52e9edca854804b780bba5c82f7a1aafebb7a7c496879a45423cf991c361f9e",
                "sha256:f5ca934143857626de2423d65d487687c87931a62044ed5ee0deee55018569f4",
                "sha256:f693255ffec26a090c76adfb8f6286b76f5f3c9aa245f4bbe03aede102d815ef",
                "sha256:f9ebd8c45c8729bb23bb902a5cff573996fe5d86c3fc8c17cde3443345533889",
                "sha256:fc54501cdffbc8a7dbe300d6e4745c910d767a1aa273febca965f5fa561036b1",
                "sha256:fd29541fb6f7647f535c0067cabb50ec014f13fa599ac4e34152abb5cb046988",
                "sha256:fe01f83bea0e4715c49449039b3c60a59408f0ceee61bb8c9a64699545e5b786",
                "sha256:fe66139cfdd02ec4a0aad0cecf53bf9933c748097a97beb9042c03f236dd68b9",
                "sha256:ff462b08951adaf55dbcc623d9b57823e888ffa4886f902dfc2c69d6ddc1ce4b",
                "sha256:ffe8b2c8e30a87f6d7c1a78e23b8270a1acde9140cde425fa94688d302c8b2c9"
            ],
            "markers": "python_version >= '3.7'",
            "version": "==2.6.0"
        },
        "pydantic-settings": {
            "hashes": [
                "sha256:962dc3672495aad6ae96a4390fac7e593591e144625e5112d359f8f67fb75945",
                "sha256:ddd907b066622bd67603b75e2ff791875540dc485b7307c4fffc015719da8625"
            ],
            "index": "pypi",
            "version": "==2.0.3"
        },
        "python-dotenv": {
            "hashes": [
                "sha256:a8df96034aae6d2d50a4ebe8216326c61c3eb64836776504fcca410e5937a3ba",
                "sha256:f5971a9226b701070a4bf2c38c89e5a3f0d64de8debda981d1db98583009122a"
            ],
            "markers": "python_version >= '3.8'",
            "version": "==1.0.0"
        },
        "pytz": {
            "hashes": [
                "sha256:1d8ce29db189191fb55338ee6d0387d82ab59f3d00eac103412d64e0ebd0c588",
                "sha256:a151b3abb88eda1d4e34a9814df37de2a80e301e68ba0fd856fb9b46bfbbbffb"
            ],
            "version": "==2023.3"
        },
        "six": {
            "hashes": [
                "sha256:1e61c37477a1626458e36f7b1d82aa5c9b094fa4802892072e49de9c60c4c926",
                "sha256:8abb2f1d86890a2dfb989f9a77cfcfd3e47c2a354b01111771326f8aa26e0254"
            ],
            "index": "pypi",
            "version": "==1.16.0"
        },
        "sqlparse": {
            "hashes": [
                "sha256:5430a4fe2ac7d0f93e66f1efc6e1338a41884b7ddf2a350cedd20ccc4d9d28f3",
                "sha256:d446183e84b8349fa3061f0fe7f06ca94ba65b426946ffebe6e3e8295332420c"
            ],
            "markers": "python_version >= '3.5'",
            "version": "==0.4.4"
        },
        "typing-extensions": {
            "hashes": [
                "sha256:440d5dd3af93b060174bf433bccd69b0babc3b15b1a8dca43789fd7f61514b36",
                "sha256:b75ddc264f0ba5615db7ba217daeb99701ad295353c45f9e95963337ceeeffb2"
            ],
            "markers": "python_version >= '3.7'",
            "version": "==4.7.1"
        },
        "tzdata": {
            "hashes": [
                "sha256:11ef1e08e54acb0d4f95bdb1be05da659673de4acbd21bf9c69e94cc5e907a3a",
                "sha256:7e65763eef3120314099b6939b5546db7adce1e7d6f2e179e3df563c70511eda"
            ],
            "markers": "sys_platform == 'win32'",
            "version": "==2023.3"
        }
    },
    "develop": {}
}
